
Microsoft Visual Studio Solution File, Format Version 12.00
# Visual Studio Version 17
VisualStudioVersion = 17.9.34616.47
MinimumVisualStudioVersion = 10.0.40219.1
Project("{FAE04EC0-301F-11D3-BF4B-00C04F79EFBC}") = "ConsultaAtivos.API", "ConsultaAtivos.API\ConsultaAtivos.API.csproj", "{68C1C123-AB55-442C-8641-C503A6867B2D}"
EndProject
Project("{FAE04EC0-301F-11D3-BF4B-00C04F79EFBC}") = "ConsultaAtivos.Domain", "ConsultaAtivos.Domain\ConsultaAtivos.Domain.csproj", "{B137F897-8B02-4806-B42D-E0F8ADA7349C}"
EndProject
Project("{FAE04EC0-301F-11D3-BF4B-00C04F79EFBC}") = "ConsultaAtivos.Application", "ConsultaAtivos.Application\ConsultaAtivos.Application.csproj", "{82CE7E01-C572-4069-9F30-A438ECC58DF6}"
EndProject
Project("{FAE04EC0-301F-11D3-BF4B-00C04F79EFBC}") = "ConsultaAtivos.Infra", "ConsultaAtivos.Infra\ConsultaAtivos.Infra.csproj", "{DBB0D907-F183-4FA1-9F31-16A2079AEC47}"
EndProject
Project("{FAE04EC0-301F-11D3-BF4B-00C04F79EFBC}") = "ConsultaAtivos.CrossCutting", "ConsultaAtivos.CrossCutting\ConsultaAtivos.CrossCutting.csproj", "{6D4A4B53-B28E-43F4-996F-5D29CA9C5A5B}"
EndProject
Project("{2150E333-8FDC-42A3-9474-1A3956D46DE8}") = "Application", "Application", "{18F92E32-40B6-48D9-B491-080EBB97662B}"
EndProject
Project("{2150E333-8FDC-42A3-9474-1A3956D46DE8}") = "Domain", "Domain", "{527AED4C-AF28-49C7-BD08-8287CB8C939D}"
EndProject
Project("{2150E333-8FDC-42A3-9474-1A3956D46DE8}") = "Infra", "Infra", "{A09E5D2B-C437-4784-B05E-CBBEDA38FCFA}"
EndProject
Project("{2150E333-8FDC-42A3-9474-1A3956D46DE8}") = "Presentation", "Presentation", "{819478AF-9BA4-46D1-8B9E-6FC2639164B7}"
EndProject
Project("{2150E333-8FDC-42A3-9474-1A3956D46DE8}") = "CrossCutting", "CrossCutting", "{615AE4E8-2423-43D5-AAC4-ADF37A4BC797}"
EndProject
Global
	GlobalSection(SolutionConfigurationPlatforms) = preSolution
		Debug|Any CPU = Debug|Any CPU
		Release|Any CPU = Release|Any CPU
	EndGlobalSection
	GlobalSection(ProjectConfigurationPlatforms) = postSolution
		{68C1C123-AB55-442C-8641-C503A6867B2D}.Debug|Any CPU.ActiveCfg = Debug|Any CPU
		{68C1C123-AB55-442C-8641-C503A6867B2D}.Debug|Any CPU.Build.0 = Debug|Any CPU
		{68C1C123-AB55-442C-8641-C503A6867B2D}.Release|Any CPU.ActiveCfg = Release|Any CPU
		{68C1C123-AB55-442C-8641-C503A6867B2D}.Release|Any CPU.Build.0 = Release|Any CPU
		{B137F897-8B02-4806-B42D-E0F8ADA7349C}.Debug|Any CPU.ActiveCfg = Debug|Any CPU
		{B137F897-8B02-4806-B42D-E0F8ADA7349C}.Debug|Any CPU.Build.0 = Debug|Any CPU
		{B137F897-8B02-4806-B42D-E0F8ADA7349C}.Release|Any CPU.ActiveCfg = Release|Any CPU
		{B137F897-8B02-4806-B42D-E0F8ADA7349C}.Release|Any CPU.Build.0 = Release|Any CPU
		{82CE7E01-C572-4069-9F30-A438ECC58DF6}.Debug|Any CPU.ActiveCfg = Debug|Any CPU
		{82CE7E01-C572-4069-9F30-A438ECC58DF6}.Debug|Any CPU.Build.0 = Debug|Any CPU
		{82CE7E01-C572-4069-9F30-A438ECC58DF6}.Release|Any CPU.ActiveCfg = Release|Any CPU
		{82CE7E01-C572-4069-9F30-A438ECC58DF6}.Release|Any CPU.Build.0 = Release|Any CPU
		{DBB0D907-F183-4FA1-9F31-16A2079AEC47}.Debug|Any CPU.ActiveCfg = Debug|Any CPU
		{DBB0D907-F183-4FA1-9F31-16A2079AEC47}.Debug|Any CPU.Build.0 = Debug|Any CPU
		{DBB0D907-F183-4FA1-9F31-16A2079AEC47}.Release|Any CPU.ActiveCfg = Release|Any CPU
		{DBB0D907-F183-4FA1-9F31-16A2079AEC47}.Release|Any CPU.Build.0 = Release|Any CPU
		{6D4A4B53-B28E-43F4-996F-5D29CA9C5A5B}.Debug|Any CPU.ActiveCfg = Debug|Any CPU
		{6D4A4B53-B28E-43F4-996F-5D29CA9C5A5B}.Debug|Any CPU.Build.0 = Debug|Any CPU
		{6D4A4B53-B28E-43F4-996F-5D29CA9C5A5B}.Release|Any CPU.ActiveCfg = Release|Any CPU
		{6D4A4B53-B28E-43F4-996F-5D29CA9C5A5B}.Release|Any CPU.Build.0 = Release|Any CPU
	EndGlobalSection
	GlobalSection(SolutionProperties) = preSolution
		HideSolutionNode = FALSE
	EndGlobalSection
	GlobalSection(NestedProjects) = preSolution
		{68C1C123-AB55-442C-8641-C503A6867B2D} = {819478AF-9BA4-46D1-8B9E-6FC2639164B7}
		{B137F897-8B02-4806-B42D-E0F8ADA7349C} = {527AED4C-AF28-49C7-BD08-8287CB8C939D}
		{82CE7E01-C572-4069-9F30-A438ECC58DF6} = {18F92E32-40B6-48D9-B491-080EBB97662B}
		{DBB0D907-F183-4FA1-9F31-16A2079AEC47} = {A09E5D2B-C437-4784-B05E-CBBEDA38FCFA}
		{6D4A4B53-B28E-43F4-996F-5D29CA9C5A5B} = {615AE4E8-2423-43D5-AAC4-ADF37A4BC797}
	EndGlobalSection
	GlobalSection(ExtensibilityGlobals) = postSolution
		SolutionGuid = {E92EB982-7EC1-478E-AFF7-6E8A6FEF1214}
	EndGlobalSection
EndGlobal
