
Microsoft Visual Studio Solution File, Format Version 12.00
# Visual Studio Version 17
VisualStudioVersion = 17.9.34616.47
MinimumVisualStudioVersion = 10.0.40219.1
Project("{9A19103F-16F7-4668-BE54-9A1E7A4F7556}") = "ConsultaAtivos.Domain", "ConsultaAtivos.Domain\ConsultaAtivos.Domain.csproj", "{B137F897-8B02-4806-B42D-E0F8ADA7349C}"
EndProject
Project("{9A19103F-16F7-4668-BE54-9A1E7A4F7556}") = "ConsultaAtivos.Application", "ConsultaAtivos.Application\ConsultaAtivos.Application.csproj", "{82CE7E01-C572-4069-9F30-A438ECC58DF6}"
EndProject
Project("{9A19103F-16F7-4668-BE54-9A1E7A4F7556}") = "ConsultaAtivos.Infra", "ConsultaAtivos.Infra\ConsultaAtivos.Infra.csproj", "{DBB0D907-F183-4FA1-9F31-16A2079AEC47}"
EndProject
Project("{2150E333-8FDC-42A3-9474-1A3956D46DE8}") = "Application", "Application", "{18F92E32-40B6-48D9-B491-080EBB97662B}"
EndProject
Project("{2150E333-8FDC-42A3-9474-1A3956D46DE8}") = "Domain", "Domain", "{527AED4C-AF28-49C7-BD08-8287CB8C939D}"
EndProject
Project("{2150E333-8FDC-42A3-9474-1A3956D46DE8}") = "Infra", "Infra", "{A09E5D2B-C437-4784-B05E-CBBEDA38FCFA}"
EndProject
Project("{2150E333-8FDC-42A3-9474-1A3956D46DE8}") = "Presentation", "Presentation", "{819478AF-9BA4-46D1-8B9E-6FC2639164B7}"
EndProject
Project("{2150E333-8FDC-42A3-9474-1A3956D46DE8}") = "Tests", "Tests", "{2B181D5D-CB50-43F2-90F7-E1173E707288}"
EndProject
Project("{9A19103F-16F7-4668-BE54-9A1E7A4F7556}") = "ConsultaAtivos.Tests", "ConsultaAtivos.Tests\ConsultaAtivos.Tests.csproj", "{6AB18404-3C72-4766-A9B1-3AD1001DD789}"
EndProject
Project("{9A19103F-16F7-4668-BE54-9A1E7A4F7556}") = "ConsultaAtivos.API", "ConsultaAtivos.Presentation\ConsultaAtivos.API.csproj", "{5AEC637D-3559-49B5-ACD8-38250A920657}"
EndProject
Project("{2150E333-8FDC-42A3-9474-1A3956D46DE8}") = ".github", ".github", "{DFE9D545-0963-4F63-858C-5CB92DFB3279}"
EndProject
Project("{2150E333-8FDC-42A3-9474-1A3956D46DE8}") = "workflows", "workflows", "{1847AEB7-400C-43F7-9F4C-7E277BDE0F42}"
	ProjectSection(SolutionItems) = preProject
		ci.yml = ci.yml
	EndProjectSection
EndProject
Global
	GlobalSection(SolutionConfigurationPlatforms) = preSolution
		Debug|Any CPU = Debug|Any CPU
		Release|Any CPU = Release|Any CPU
	EndGlobalSection
	GlobalSection(ProjectConfigurationPlatforms) = postSolution
		{B137F897-8B02-4806-B42D-E0F8ADA7349C}.Debug|Any CPU.ActiveCfg = Debug|Any CPU
		{B137F897-8B02-4806-B42D-E0F8ADA7349C}.Debug|Any CPU.Build.0 = Debug|Any CPU
		{B137F897-8B02-4806-B42D-E0F8ADA7349C}.Release|Any CPU.ActiveCfg = Release|Any CPU
		{B137F897-8B02-4806-B42D-E0F8ADA7349C}.Release|Any CPU.Build.0 = Release|Any CPU
		{82CE7E01-C572-4069-9F30-A438ECC58DF6}.Debug|Any CPU.ActiveCfg = Debug|Any CPU
		{82CE7E01-C572-4069-9F30-A438ECC58DF6}.Debug|Any CPU.Build.0 = Debug|Any CPU
		{82CE7E01-C572-4069-9F30-A438ECC58DF6}.Release|Any CPU.ActiveCfg = Release|Any CPU
		{82CE7E01-C572-4069-9F30-A438ECC58DF6}.Release|Any CPU.Build.0 = Release|Any CPU
		{DBB0D907-F183-4FA1-9F31-16A2079AEC47}.Debug|Any CPU.ActiveCfg = Debug|Any CPU
		{DBB0D907-F183-4FA1-9F31-16A2079AEC47}.Debug|Any CPU.Build.0 = Debug|Any CPU
		{DBB0D907-F183-4FA1-9F31-16A2079AEC47}.Release|Any CPU.ActiveCfg = Release|Any CPU
		{DBB0D907-F183-4FA1-9F31-16A2079AEC47}.Release|Any CPU.Build.0 = Release|Any CPU
		{6AB18404-3C72-4766-A9B1-3AD1001DD789}.Debug|Any CPU.ActiveCfg = Debug|Any CPU
		{6AB18404-3C72-4766-A9B1-3AD1001DD789}.Debug|Any CPU.Build.0 = Debug|Any CPU
		{6AB18404-3C72-4766-A9B1-3AD1001DD789}.Release|Any CPU.ActiveCfg = Release|Any CPU
		{6AB18404-3C72-4766-A9B1-3AD1001DD789}.Release|Any CPU.Build.0 = Release|Any CPU
		{5AEC637D-3559-49B5-ACD8-38250A920657}.Debug|Any CPU.ActiveCfg = Debug|Any CPU
		{5AEC637D-3559-49B5-ACD8-38250A920657}.Debug|Any CPU.Build.0 = Debug|Any CPU
		{5AEC637D-3559-49B5-ACD8-38250A920657}.Release|Any CPU.ActiveCfg = Release|Any CPU
		{5AEC637D-3559-49B5-ACD8-38250A920657}.Release|Any CPU.Build.0 = Release|Any CPU
	EndGlobalSection
	GlobalSection(SolutionProperties) = preSolution
		HideSolutionNode = FALSE
	EndGlobalSection
	GlobalSection(NestedProjects) = preSolution
		{B137F897-8B02-4806-B42D-E0F8ADA7349C} = {527AED4C-AF28-49C7-BD08-8287CB8C939D}
		{82CE7E01-C572-4069-9F30-A438ECC58DF6} = {18F92E32-40B6-48D9-B491-080EBB97662B}
		{DBB0D907-F183-4FA1-9F31-16A2079AEC47} = {A09E5D2B-C437-4784-B05E-CBBEDA38FCFA}
		{6AB18404-3C72-4766-A9B1-3AD1001DD789} = {2B181D5D-CB50-43F2-90F7-E1173E707288}
		{5AEC637D-3559-49B5-ACD8-38250A920657} = {819478AF-9BA4-46D1-8B9E-6FC2639164B7}
		{1847AEB7-400C-43F7-9F4C-7E277BDE0F42} = {DFE9D545-0963-4F63-858C-5CB92DFB3279}
	EndGlobalSection
	GlobalSection(ExtensibilityGlobals) = postSolution
		SolutionGuid = {E92EB982-7EC1-478E-AFF7-6E8A6FEF1214}
	EndGlobalSection
EndGlobal
